
Microsoft Visual Studio Solution File, Format Version 12.00
# Visual Studio Version 17
VisualStudioVersion = 17.5.002.0
MinimumVisualStudioVersion = 10.0.40219.1
Project("{9A19103F-16F7-4668-BE54-9A1E7A4F7556}") = "task_management_system", "task_management_system.csproj", "{B41B6EC2-A847-46F7-AB50-7DCF03BE45C2}"
EndProject
Global
	GlobalSection(SolutionConfigurationPlatforms) = preSolution
		Debug|Any CPU = Debug|Any CPU
		Release|Any CPU = Release|Any CPU
	EndGlobalSection
	GlobalSection(ProjectConfigurationPlatforms) = postSolution
		{B41B6EC2-A847-46F7-AB50-7DCF03BE45C2}.Debug|Any CPU.ActiveCfg = Debug|Any CPU
		{B41B6EC2-A847-46F7-AB50-7DCF03BE45C2}.Debug|Any CPU.Build.0 = Debug|Any CPU
		{B41B6EC2-A847-46F7-AB50-7DCF03BE45C2}.Release|Any CPU.ActiveCfg = Release|Any CPU
		{B41B6EC2-A847-46F7-AB50-7DCF03BE45C2}.Release|Any CPU.Build.0 = Release|Any CPU
	EndGlobalSection
	GlobalSection(SolutionProperties) = preSolution
		HideSolutionNode = FALSE
	EndGlobalSection
	GlobalSection(ExtensibilityGlobals) = postSolution
		SolutionGuid = {C4415BA7-66FA-43D7-86BD-EC05AE4D19E6}
	EndGlobalSection
EndGlobal
